
Microsoft Visual Studio Solution File, Format Version 12.00
# Visual Studio Version 17
VisualStudioVersion = 17.13.35828.75
MinimumVisualStudioVersion = 10.0.40219.1
Project("{FAE04EC0-301F-11D3-BF4B-00C04F79EFBC}") = "KASHOP.PL", "KASHOP.PL\KASHOP.PL.csproj", "{92BFEE26-02DB-408C-9C91-FE36B3FD8B9B}"
EndProject
Project("{FAE04EC0-301F-11D3-BF4B-00C04F79EFBC}") = "KASHOP.DAL", "KASHOP.DAL\KASHOP.DAL.csproj", "{95540623-FCFE-4C17-AB2B-41FE782DC032}"
EndProject
Project("{FAE04EC0-301F-11D3-BF4B-00C04F79EFBC}") = "KASHOP.BLL", "KASHOP.BLL\KASHOP.BLL.csproj", "{70B947F8-EE6E-47DE-A945-9FB44ED69BF8}"
EndProject
Global
	GlobalSection(SolutionConfigurationPlatforms) = preSolution
		Debug|Any CPU = Debug|Any CPU
		Release|Any CPU = Release|Any CPU
	EndGlobalSection
	GlobalSection(ProjectConfigurationPlatforms) = postSolution
		{92BFEE26-02DB-408C-9C91-FE36B3FD8B9B}.Debug|Any CPU.ActiveCfg = Debug|Any CPU
		{92BFEE26-02DB-408C-9C91-FE36B3FD8B9B}.Debug|Any CPU.Build.0 = Debug|Any CPU
		{92BFEE26-02DB-408C-9C91-FE36B3FD8B9B}.Release|Any CPU.ActiveCfg = Release|Any CPU
		{92BFEE26-02DB-408C-9C91-FE36B3FD8B9B}.Release|Any CPU.Build.0 = Release|Any CPU
		{95540623-FCFE-4C17-AB2B-41FE782DC032}.Debug|Any CPU.ActiveCfg = Debug|Any CPU
		{95540623-FCFE-4C17-AB2B-41FE782DC032}.Debug|Any CPU.Build.0 = Debug|Any CPU
		{95540623-FCFE-4C17-AB2B-41FE782DC032}.Release|Any CPU.ActiveCfg = Release|Any CPU
		{95540623-FCFE-4C17-AB2B-41FE782DC032}.Release|Any CPU.Build.0 = Release|Any CPU
		{70B947F8-EE6E-47DE-A945-9FB44ED69BF8}.Debug|Any CPU.ActiveCfg = Debug|Any CPU
		{70B947F8-EE6E-47DE-A945-9FB44ED69BF8}.Debug|Any CPU.Build.0 = Debug|Any CPU
		{70B947F8-EE6E-47DE-A945-9FB44ED69BF8}.Release|Any CPU.ActiveCfg = Release|Any CPU
		{70B947F8-EE6E-47DE-A945-9FB44ED69BF8}.Release|Any CPU.Build.0 = Release|Any CPU
	EndGlobalSection
	GlobalSection(SolutionProperties) = preSolution
		HideSolutionNode = FALSE
	EndGlobalSection
	GlobalSection(ExtensibilityGlobals) = postSolution
		SolutionGuid = {03F0F696-5617-493C-9542-2E09E2AB148A}
	EndGlobalSection
EndGlobal
